# This file is automatically @generated by Poetry 1.8.3 and should not be changed by hand.

[[package]]
name = "black"
version = "22.12.0"
description = "The uncompromising code formatter."
optional = false
python-versions = ">=3.7"
files = [
    {file = "black-22.12.0-cp310-cp310-manylinux_2_17_x86_64.manylinux2014_x86_64.whl", hash = "sha256:9eedd20838bd5d75b80c9f5487dbcb06836a43833a37846cf1d8c1cc01cef59d"},
    {file = "black-22.12.0-cp310-cp310-win_amd64.whl", hash = "sha256:159a46a4947f73387b4d83e87ea006dbb2337eab6c879620a3ba52699b1f4351"},
    {file = "black-22.12.0-cp311-cp311-manylinux_2_17_x86_64.manylinux2014_x86_64.whl", hash = "sha256:d30b212bffeb1e252b31dd269dfae69dd17e06d92b87ad26e23890f3efea366f"},
    {file = "black-22.12.0-cp311-cp311-win_amd64.whl", hash = "sha256:7412e75863aa5c5411886804678b7d083c7c28421210180d67dfd8cf1221e1f4"},
    {file = "black-22.12.0-cp37-cp37m-manylinux_2_17_x86_64.manylinux2014_x86_64.whl", hash = "sha256:c116eed0efb9ff870ded8b62fe9f28dd61ef6e9ddd28d83d7d264a38417dcee2"},
    {file = "black-22.12.0-cp37-cp37m-win_amd64.whl", hash = "sha256:1f58cbe16dfe8c12b7434e50ff889fa479072096d79f0a7f25e4ab8e94cd8350"},
    {file = "black-22.12.0-cp38-cp38-manylinux_2_17_x86_64.manylinux2014_x86_64.whl", hash = "sha256:77d86c9f3db9b1bf6761244bc0b3572a546f5fe37917a044e02f3166d5aafa7d"},
    {file = "black-22.12.0-cp38-cp38-win_amd64.whl", hash = "sha256:82d9fe8fee3401e02e79767016b4907820a7dc28d70d137eb397b92ef3cc5bfc"},
    {file = "black-22.12.0-cp39-cp39-manylinux_2_17_x86_64.manylinux2014_x86_64.whl", hash = "sha256:101c69b23df9b44247bd88e1d7e90154336ac4992502d4197bdac35dd7ee3320"},
    {file = "black-22.12.0-cp39-cp39-win_amd64.whl", hash = "sha256:559c7a1ba9a006226f09e4916060982fd27334ae1998e7a38b3f33a37f7a2148"},
    {file = "black-22.12.0-py3-none-any.whl", hash = "sha256:436cc9167dd28040ad90d3b404aec22cedf24a6e4d7de221bec2730ec0c97bcf"},
    {file = "black-22.12.0.tar.gz", hash = "sha256:229351e5a18ca30f447bf724d007f890f97e13af070bb6ad4c0a441cd7596a2f"},
]

[package.dependencies]
click = ">=8.0.0"
mypy-extensions = ">=0.4.3"
pathspec = ">=0.9.0"
platformdirs = ">=2"

[package.extras]
colorama = ["colorama (>=0.4.3)"]
d = ["aiohttp (>=3.7.4)"]
jupyter = ["ipython (>=7.8.0)", "tokenize-rt (>=3.2.0)"]
uvloop = ["uvloop (>=0.15.2)"]

[[package]]
name = "click"
version = "8.1.7"
description = "Composable command line interface toolkit"
optional = false
python-versions = ">=3.7"
files = [
    {file = "click-8.1.7-py3-none-any.whl", hash = "sha256:ae74fb96c20a0277a1d615f1e4d73c8414f5a98db8b799a7931d1582f3390c28"},
    {file = "click-8.1.7.tar.gz", hash = "sha256:ca9853ad459e787e2192211578cc907e7594e294c7ccc834310722b41b9ca6de"},
]

[package.dependencies]
colorama = {version = "*", markers = "platform_system == \"Windows\""}

[[package]]
name = "colorama"
version = "0.4.6"
description = "Cross-platform colored terminal text."
optional = false
python-versions = "!=3.0.*,!=3.1.*,!=3.2.*,!=3.3.*,!=3.4.*,!=3.5.*,!=3.6.*,>=2.7"
files = [
    {file = "colorama-0.4.6-py2.py3-none-any.whl", hash = "sha256:4f1d9991f5acc0ca119f9d443620b77f9d6b33703e51011c16baf57afb285fc6"},
    {file = "colorama-0.4.6.tar.gz", hash = "sha256:08695f5cb7ed6e0531a20572697297273c47b8cae5a63ffc6d6ed5c201be6e44"},
]

[[package]]
name = "dbus-fast"
version = "2.22.1"
description = "A faster version of dbus-next"
optional = false
python-versions = "<4.0,>=3.8"
files = [
    {file = "dbus_fast-2.22.1-cp310-cp310-manylinux_2_17_aarch64.manylinux2014_aarch64.whl", hash = "sha256:8f19c08fc0ab5f0e209e008f4646bb0624eacb96fb54367ea36e450aacfe289f"},
    {file = "dbus_fast-2.22.1-cp310-cp310-manylinux_2_17_x86_64.manylinux2014_x86_64.whl", hash = "sha256:714c5bca7d1ae20557a5857fdb3022ff0a3f5ef2e14379eae0403940882a4d72"},
    {file = "dbus_fast-2.22.1-cp310-cp310-manylinux_2_31_x86_64.whl", hash = "sha256:ac004b0f6a7f7b58ae7488f12463df68199546a8d71085379b5eed17ae012905"},
    {file = "dbus_fast-2.22.1-cp310-cp310-musllinux_1_2_aarch64.whl", hash = "sha256:a54533ee4b30a2c062078c02d10c5a258fc10eac51a0b85cfdd7f690f1d6285f"},
    {file = "dbus_fast-2.22.1-cp310-cp310-musllinux_1_2_x86_64.whl", hash = "sha256:cadf90548aaf336820e0b7037b0f0f46b9836ac0f2c6af0f494b00fe6bc23929"},
    {file = "dbus_fast-2.22.1-cp311-cp311-manylinux_2_17_aarch64.manylinux2014_aarch64.whl", hash = "sha256:38e213b0252f97d6a9ceb97cd2d84ddac0d998b8dd15bdca051def181a666b6a"},
    {file = "dbus_fast-2.22.1-cp311-cp311-manylinux_2_17_x86_64.manylinux2014_x86_64.whl", hash = "sha256:6497859da721041dbf7615aab1cae666e5c0a169fca80032ab2fd8b03f7730f5"},
    {file = "dbus_fast-2.22.1-cp311-cp311-musllinux_1_2_aarch64.whl", hash = "sha256:a3ba17d91a32b53f8e16b40e7f948260847f3e8fbbbf83872dafe44b38a1ae42"},
    {file = "dbus_fast-2.22.1-cp311-cp311-musllinux_1_2_x86_64.whl", hash = "sha256:2b7f32e765051817d58e3242697b47cfe5def086181ad1087c9bc70e2db48004"},
    {file = "dbus_fast-2.22.1-cp312-cp312-manylinux_2_17_aarch64.manylinux2014_aarch64.whl", hash = "sha256:beebe8cbd0cd90d24b757c4aad617fcfa77f2e654287bc80b11c0e4964891c22"},
    {file = "dbus_fast-2.22.1-cp312-cp312-manylinux_2_17_x86_64.manylinux2014_x86_64.whl", hash = "sha256:0b72ebd07ac873906f1001cb6eb75e864e30cb6cdcce17afe79939987b0a28b5"},
    {file = "dbus_fast-2.22.1-cp312-cp312-musllinux_1_2_aarch64.whl", hash = "sha256:c73e3b59de2b6e7447b1c3d26ccd307838d05c6a85bcc9eac7bc990bb843cc92"},
    {file = "dbus_fast-2.22.1-cp312-cp312-musllinux_1_2_x86_64.whl", hash = "sha256:dcb333f56ebb0de5cf3aa8affb9c492bd821e252d704dcce444a379c0513c6be"},
    {file = "dbus_fast-2.22.1-cp38-cp38-manylinux_2_17_aarch64.manylinux2014_aarch64.whl", hash = "sha256:2980b92493698f80910b3521d685ce230f94d93deac0bcf33f2082ce551b8ac5"},
    {file = "dbus_fast-2.22.1-cp38-cp38-manylinux_2_17_x86_64.manylinux2014_x86_64.whl", hash = "sha256:3d88f7f1d4124feb4418f5d9efe359661e2f38e89f6c31539d998e3769f7f7b3"},
    {file = "dbus_fast-2.22.1-cp38-cp38-musllinux_1_2_aarch64.whl", hash = "sha256:bf198217013b068fe610b1d5ce7ce53e15b993625331d2c83f53be5744c0be40"},
    {file = "dbus_fast-2.22.1-cp38-cp38-musllinux_1_2_x86_64.whl", hash = "sha256:f90017ba2c95dba4c1e417850d3c735d5eb464cbe0ebfb5d49cc0e95e7d916d2"},
    {file = "dbus_fast-2.22.1-cp39-cp39-manylinux_2_17_aarch64.manylinux2014_aarch64.whl", hash = "sha256:98e6d2cd04da08a9d21be68faa4d23123a2f4cb5cef3406cc1a2ef900507b1c0"},
    {file = "dbus_fast-2.22.1-cp39-cp39-manylinux_2_17_x86_64.manylinux2014_x86_64.whl", hash = "sha256:c2735f9cc9e6692b0bb114c48580709af824a16ea791922f628c265aa05f183a"},
    {file = "dbus_fast-2.22.1-cp39-cp39-musllinux_1_2_aarch64.whl", hash = "sha256:b709a9eaaae542d0d883c5a2f147c0cbe7ef29262ec0bf90f5a5945e76786c39"},
    {file = "dbus_fast-2.22.1-cp39-cp39-musllinux_1_2_x86_64.whl", hash = "sha256:7e7924d5042de42dcdc6be942d2f6cf1f187cf7a4ae2902b68431ea856ef654c"},
    {file = "dbus_fast-2.22.1-pp310-pypy310_pp73-manylinux_2_17_aarch64.manylinux2014_aarch64.whl", hash = "sha256:e15b15c0bdef24f86a5940539ba68d0920d58b96cca8543fbda9189cb144fb13"},
    {file = "dbus_fast-2.22.1-pp310-pypy310_pp73-manylinux_2_17_x86_64.manylinux_2_5_x86_64.manylinux1_x86_64.manylinux2014_x86_64.whl", hash = "sha256:3f70821ac238e3fa0f5a6ae4e99054d57261743f5d5516e43226f2bec0065a3d"},
    {file = "dbus_fast-2.22.1-pp38-pypy38_pp73-manylinux_2_17_aarch64.manylinux2014_aarch64.whl", hash = "sha256:0e56f6f0976aa953a2a5c71817e9ceecace6dd6a2a23dc64622025701005bf15"},
    {file = "dbus_fast-2.22.1-pp38-pypy38_pp73-manylinux_2_17_x86_64.manylinux_2_5_x86_64.manylinux1_x86_64.manylinux2014_x86_64.whl", hash = "sha256:c6f894fe9b60374dc20c43bdf7a5b4a81e2db963433815a9d6ceaaeb51cba801"},
    {file = "dbus_fast-2.22.1-pp39-pypy39_pp73-manylinux_2_17_aarch64.manylinux2014_aarch64.whl", hash = "sha256:0934118cc2e4f777d785df923b139f253ba3019469ec1f90eb8a5e4c12fff0ce"},
    {file = "dbus_fast-2.22.1-pp39-pypy39_pp73-manylinux_2_17_x86_64.manylinux_2_5_x86_64.manylinux1_x86_64.manylinux2014_x86_64.whl", hash = "sha256:994931d9bc57166a9e16ae71cb93133fa87f35d57125d741a92a1f4e56cade28"},
    {file = "dbus_fast-2.22.1.tar.gz", hash = "sha256:aa75dfb5bc7ba42f53391ae503ca5a21bd133e74ebb09965013ba23bdffc9a0e"},
]

[[package]]
name = "mypy-extensions"
version = "1.0.0"
description = "Type system extensions for programs checked with the mypy type checker."
optional = false
python-versions = ">=3.5"
files = [
    {file = "mypy_extensions-1.0.0-py3-none-any.whl", hash = "sha256:4392f6c0eb8a5668a69e23d168ffa70f0be9ccfd32b5cc2d26a34ae5b844552d"},
    {file = "mypy_extensions-1.0.0.tar.gz", hash = "sha256:75dbf8955dc00442a438fc4d0666508a9a97b6bd41aa2f0ffe9d2f2725af0782"},
]

[[package]]
name = "pathspec"
version = "0.12.1"
description = "Utility library for gitignore style pattern matching of file paths."
optional = false
python-versions = ">=3.8"
files = [
    {file = "pathspec-0.12.1-py3-none-any.whl", hash = "sha256:a0d503e138a4c123b27490a4f7beda6a01c6f288df0e4a8b79c7eb0dc7b4cc08"},
    {file = "pathspec-0.12.1.tar.gz", hash = "sha256:a482d51503a1ab33b1c67a6c3813a26953dbdc71c31dacaef9a838c4e29f5712"},
]

[[package]]
name = "platformdirs"
version = "4.2.2"
description = "A small Python package for determining appropriate platform-specific dirs, e.g. a `user data dir`."
optional = false
python-versions = ">=3.8"
files = [
    {file = "platformdirs-4.2.2-py3-none-any.whl", hash = "sha256:2d7a1657e36a80ea911db832a8a6ece5ee53d8de21edd5cc5879af6530b1bfee"},
    {file = "platformdirs-4.2.2.tar.gz", hash = "sha256:38b7b51f512eed9e84a22788b4bce1de17c0adb134d6becb09836e37d8654cd3"},
]

[package.extras]
docs = ["furo (>=2023.9.10)", "proselint (>=0.13)", "sphinx (>=7.2.6)", "sphinx-autodoc-typehints (>=1.25.2)"]
test = ["appdirs (==1.4.4)", "covdefaults (>=2.3)", "pytest (>=7.4.3)", "pytest-cov (>=4.1)", "pytest-mock (>=3.12)"]
type = ["mypy (>=1.8)"]

[[package]]
name = "pycairo"
version = "1.26.1"
description = "Python interface for cairo"
optional = false
python-versions = ">=3.8"
files = [
    {file = "pycairo-1.26.1-cp310-cp310-win32.whl", hash = "sha256:b93b9e3072826a346f1f79cb1becc403d1ba4a3971cad61d144db0fe6dcb6be8"},
    {file = "pycairo-1.26.1-cp310-cp310-win_amd64.whl", hash = "sha256:acfc76924ed668d8fea50f6cc6097b9a57ef6cd3dc3f2fa20814380d639a6dd2"},
    {file = "pycairo-1.26.1-cp310-cp310-win_arm64.whl", hash = "sha256:067191315c3b4d09cad1ec57cdb8fc1d72e2574e89389c268a94f22d4fa98b5f"},
    {file = "pycairo-1.26.1-cp311-cp311-win32.whl", hash = "sha256:56a29623aa7b4adbde5024c61ff001455b5a3def79e512742ea45ab36c3fe24b"},
    {file = "pycairo-1.26.1-cp311-cp311-win_amd64.whl", hash = "sha256:8d2889e03a095de5da9e68a589b691a3ada09d60ef18b5fc1b1b99f2a7794297"},
    {file = "pycairo-1.26.1-cp311-cp311-win_arm64.whl", hash = "sha256:7a307111de345304ed8eadd7f81ebd7fb1fc711224aa314a4e8e33af7dfa3d27"},
    {file = "pycairo-1.26.1-cp312-cp312-win32.whl", hash = "sha256:5cc1808e9e30ccd0f4d84ba7700db5aab5673f8b6b901760369ebb88a0823436"},
    {file = "pycairo-1.26.1-cp312-cp312-win_amd64.whl", hash = "sha256:36131a726f568b2dbc5e78ff50fbaa379e69db00614d46d66b1e4289caf9b1ce"},
    {file = "pycairo-1.26.1-cp312-cp312-win_arm64.whl", hash = "sha256:5577b51543ea4c283c15f436d891e9eaf6fd43fe74882adb032fba2c271f3fe9"},
    {file = "pycairo-1.26.1-cp38-cp38-win32.whl", hash = "sha256:27ec7b42c58af35dc11352881262dce4254378b0f11be0959d1c13edb4539d2c"},
    {file = "pycairo-1.26.1-cp38-cp38-win_amd64.whl", hash = "sha256:27357994d277b3fd10a45e9ef58f80a4cb5e3291fe76c5edd58d2d06335eb8e7"},
    {file = "pycairo-1.26.1-cp39-cp39-win32.whl", hash = "sha256:e68300d1c2196d1d34de3432885ae9ff78e10426fa16f765742a11c6f8fe0a71"},
    {file = "pycairo-1.26.1-cp39-cp39-win_amd64.whl", hash = "sha256:ce049930e294c29b53c68dcaab3df97cc5de7eb1d3d8e8a9f5c77e7164cd6e85"},
    {file = "pycairo-1.26.1-cp39-cp39-win_arm64.whl", hash = "sha256:22e1db531d4ed3167a98f0ea165bfa2a30df9d6eb22361c38158c031065999a4"},
    {file = "pycairo-1.26.1.tar.gz", hash = "sha256:a11b999ce55b798dbf13516ab038e0ce8b6ec299b208d7c4e767a6f7e68e8430"},
]

[[package]]
name = "pygobject"
version = "3.48.2"
description = "Python bindings for GObject Introspection"
optional = false
python-versions = "<4,>=3.8"
files = [
    {file = "pygobject-3.48.2.tar.gz", hash = "sha256:c3c0a7afbe5b2c1c64dc0530109b4dd571085153dbedfbccb8ec7c5ad233f977"},
]

[package.dependencies]
pycairo = ">=1.16"

[package.extras]
dev = ["flake8", "pytest", "pytest-cov"]
docs = ["sphinx (>=4.0,<5.0)", "sphinx-rtd-theme (>=0.5,<2.0)"]

[metadata]
lock-version = "2.0"
python-versions = "^3.11"
content-hash = "197893688b31d3ae128f71f099228272dba4c0790667ab5173dd7a7efebbe75f"
