# This file is automatically @generated by Poetry 1.8.3 and should not be changed by hand.

[[package]]
name = "black"
version = "22.12.0"
description = "The uncompromising code formatter."
optional = false
python-versions = ">=3.7"
files = [
    {file = "black-22.12.0-cp310-cp310-manylinux_2_17_x86_64.manylinux2014_x86_64.whl", hash = "sha256:9eedd20838bd5d75b80c9f5487dbcb06836a43833a37846cf1d8c1cc01cef59d"},
    {file = "black-22.12.0-cp310-cp310-win_amd64.whl", hash = "sha256:159a46a4947f73387b4d83e87ea006dbb2337eab6c879620a3ba52699b1f4351"},
    {file = "black-22.12.0-cp311-cp311-manylinux_2_17_x86_64.manylinux2014_x86_64.whl", hash = "sha256:d30b212bffeb1e252b31dd269dfae69dd17e06d92b87ad26e23890f3efea366f"},
    {file = "black-22.12.0-cp311-cp311-win_amd64.whl", hash = "sha256:7412e75863aa5c5411886804678b7d083c7c28421210180d67dfd8cf1221e1f4"},
    {file = "black-22.12.0-cp37-cp37m-manylinux_2_17_x86_64.manylinux2014_x86_64.whl", hash = "sha256:c116eed0efb9ff870ded8b62fe9f28dd61ef6e9ddd28d83d7d264a38417dcee2"},
    {file = "black-22.12.0-cp37-cp37m-win_amd64.whl", hash = "sha256:1f58cbe16dfe8c12b7434e50ff889fa479072096d79f0a7f25e4ab8e94cd8350"},
    {file = "black-22.12.0-cp38-cp38-manylinux_2_17_x86_64.manylinux2014_x86_64.whl", hash = "sha256:77d86c9f3db9b1bf6761244bc0b3572a546f5fe37917a044e02f3166d5aafa7d"},
    {file = "black-22.12.0-cp38-cp38-win_amd64.whl", hash = "sha256:82d9fe8fee3401e02e79767016b4907820a7dc28d70d137eb397b92ef3cc5bfc"},
    {file = "black-22.12.0-cp39-cp39-manylinux_2_17_x86_64.manylinux2014_x86_64.whl", hash = "sha256:101c69b23df9b44247bd88e1d7e90154336ac4992502d4197bdac35dd7ee3320"},
    {file = "black-22.12.0-cp39-cp39-win_amd64.whl", hash = "sha256:559c7a1ba9a006226f09e4916060982fd27334ae1998e7a38b3f33a37f7a2148"},
    {file = "black-22.12.0-py3-none-any.whl", hash = "sha256:436cc9167dd28040ad90d3b404aec22cedf24a6e4d7de221bec2730ec0c97bcf"},
    {file = "black-22.12.0.tar.gz", hash = "sha256:229351e5a18ca30f447bf724d007f890f97e13af070bb6ad4c0a441cd7596a2f"},
]

[package.dependencies]
click = ">=8.0.0"
mypy-extensions = ">=0.4.3"
pathspec = ">=0.9.0"
platformdirs = ">=2"

[package.extras]
colorama = ["colorama (>=0.4.3)"]
d = ["aiohttp (>=3.7.4)"]
jupyter = ["ipython (>=7.8.0)", "tokenize-rt (>=3.2.0)"]
uvloop = ["uvloop (>=0.15.2)"]

[[package]]
name = "click"
version = "8.1.7"
description = "Composable command line interface toolkit"
optional = false
python-versions = ">=3.7"
files = [
    {file = "click-8.1.7-py3-none-any.whl", hash = "sha256:ae74fb96c20a0277a1d615f1e4d73c8414f5a98db8b799a7931d1582f3390c28"},
    {file = "click-8.1.7.tar.gz", hash = "sha256:ca9853ad459e787e2192211578cc907e7594e294c7ccc834310722b41b9ca6de"},
]

[package.dependencies]
colorama = {version = "*", markers = "platform_system == \"Windows\""}

[[package]]
name = "colorama"
version = "0.4.6"
description = "Cross-platform colored terminal text."
optional = false
python-versions = "!=3.0.*,!=3.1.*,!=3.2.*,!=3.3.*,!=3.4.*,!=3.5.*,!=3.6.*,>=2.7"
files = [
    {file = "colorama-0.4.6-py2.py3-none-any.whl", hash = "sha256:4f1d9991f5acc0ca119f9d443620b77f9d6b33703e51011c16baf57afb285fc6"},
    {file = "colorama-0.4.6.tar.gz", hash = "sha256:08695f5cb7ed6e0531a20572697297273c47b8cae5a63ffc6d6ed5c201be6e44"},
]

[[package]]
name = "dbus-fast"
version = "2.21.3"
description = "A faster version of dbus-next"
optional = false
python-versions = "<4.0,>=3.7"
files = [
    {file = "dbus_fast-2.21.3-cp310-cp310-manylinux_2_17_i686.manylinux_2_5_i686.manylinux1_i686.manylinux2014_i686.whl", hash = "sha256:828f2a337eac4c3b24b43ab4edc8d8bc656f558a4f07aa2b173e007ce093bd49"},
    {file = "dbus_fast-2.21.3-cp310-cp310-manylinux_2_17_x86_64.manylinux2014_x86_64.whl", hash = "sha256:b379ed7ef0d174480e41a5f1dde3392d974e618bb91e5fbfa06396c24d3c80fc"},
    {file = "dbus_fast-2.21.3-cp310-cp310-manylinux_2_31_x86_64.whl", hash = "sha256:990d60e9796fa142e16af331e53d91aaa94dfbcf37b474c1d6caf61310fcc5ee"},
    {file = "dbus_fast-2.21.3-cp310-cp310-musllinux_1_1_i686.whl", hash = "sha256:9d0bbfa7cdb440f13d58e13625344b918b70ff0ccddc20ddd9c0ebf3e5a765dd"},
    {file = "dbus_fast-2.21.3-cp310-cp310-musllinux_1_1_x86_64.whl", hash = "sha256:0d4f459ba4fa394e3ba22a7421055878953aa92efd01e3a1d5216519c6b1586c"},
    {file = "dbus_fast-2.21.3-cp311-cp311-manylinux_2_17_i686.manylinux_2_5_i686.manylinux1_i686.manylinux2014_i686.whl", hash = "sha256:61d20cecc3efdc0e75bb7d5f4ae18929559003644b32945bfaa93b7e06cd94b6"},
    {file = "dbus_fast-2.21.3-cp311-cp311-manylinux_2_17_x86_64.manylinux2014_x86_64.whl", hash = "sha256:d53f5b24c732af5ae9c7e88fc9ba687ce2a785c63dcea3b9c984619f1bdcf71a"},
    {file = "dbus_fast-2.21.3-cp311-cp311-musllinux_1_1_i686.whl", hash = "sha256:b5ef802b2b7e5dbebdfa338a0278e5212a6073c26764c75f3e373e2a9b01797c"},
    {file = "dbus_fast-2.21.3-cp311-cp311-musllinux_1_1_x86_64.whl", hash = "sha256:251d46d0d7cbed0d9b9eac2f91f6669893db9b87e19defb99f9a85579c2f786a"},
    {file = "dbus_fast-2.21.3-cp312-cp312-manylinux_2_17_i686.manylinux_2_5_i686.manylinux1_i686.manylinux2014_i686.whl", hash = "sha256:0665d8cb179f0b8fff23e63592c1f454fdaa4ae44a4263a7a7b7df8d834b3f71"},
    {file = "dbus_fast-2.21.3-cp312-cp312-manylinux_2_17_x86_64.manylinux2014_x86_64.whl", hash = "sha256:29ca29609a31f816c315844ed41b81247e3114261d26e5ee1dcc85bf5c046a36"},
    {file = "dbus_fast-2.21.3-cp312-cp312-musllinux_1_1_i686.whl", hash = "sha256:b520792549e8b2b1e4c8777492783ba81065bd02e16e4390e2b299bf33f1feea"},
    {file = "dbus_fast-2.21.3-cp312-cp312-musllinux_1_1_x86_64.whl", hash = "sha256:f44d2ea35daefac7ad1ede65695fde18526fb38f9ec0aadf108f629bb6c87293"},
    {file = "dbus_fast-2.21.3-cp37-cp37m-manylinux_2_17_i686.manylinux_2_5_i686.manylinux1_i686.manylinux2014_i686.whl", hash = "sha256:50aa62f63de3e591d739b4925816b84f4169e9086701a2722a5e7a1f6f273bc0"},
    {file = "dbus_fast-2.21.3-cp37-cp37m-manylinux_2_17_x86_64.manylinux2014_x86_64.whl", hash = "sha256:c8fad077a989b002602aa192cfa95b89b3e40c5fa6da7740f42a87488bdbed6f"},
    {file = "dbus_fast-2.21.3-cp37-cp37m-musllinux_1_1_i686.whl", hash = "sha256:87e8db4ea5023024a638826321039497dcbc7e70583bd33743eac2d8e69ca4fb"},
    {file = "dbus_fast-2.21.3-cp37-cp37m-musllinux_1_1_x86_64.whl", hash = "sha256:0c342d8b33079c550ea575344d53807f6ae6464b1a5f6f9e0523fae979198872"},
    {file = "dbus_fast-2.21.3-cp38-cp38-manylinux_2_17_i686.manylinux_2_5_i686.manylinux1_i686.manylinux2014_i686.whl", hash = "sha256:41d6f81a5226e90f1bde95ce90a63430f58aea0c300f034b4055a7bfae187031"},
    {file = "dbus_fast-2.21.3-cp38-cp38-manylinux_2_17_x86_64.manylinux2014_x86_64.whl", hash = "sha256:d76b512cc8db4ebdfb7879d7cae42ee0adc362671bc0a4f55df5f4ebe547602d"},
    {file = "dbus_fast-2.21.3-cp38-cp38-musllinux_1_1_i686.whl", hash = "sha256:9fdbe2b22668f4021e909e65fa6a25bca1ab08294a35c600af95ba06a2f2d101"},
    {file = "dbus_fast-2.21.3-cp38-cp38-musllinux_1_1_x86_64.whl", hash = "sha256:638c4b64159f8a3567e38705246bd1a2625d8c9adbb7ffa23a6a2ec2dfd40db0"},
    {file = "dbus_fast-2.21.3-cp39-cp39-manylinux_2_17_i686.manylinux_2_5_i686.manylinux1_i686.manylinux2014_i686.whl", hash = "sha256:dadc4bdcbe808f0d1750f951b3b4211763f280116714cb9749ebae2262bdc49c"},
    {file = "dbus_fast-2.21.3-cp39-cp39-manylinux_2_17_x86_64.manylinux2014_x86_64.whl", hash = "sha256:83e0a28e04218493ebd66c1f2a5290203ffff924ec01b37c5128ba1fa9731255"},
    {file = "dbus_fast-2.21.3-cp39-cp39-musllinux_1_1_i686.whl", hash = "sha256:846733011edad8c0125f2b1148783c8d2ae162419707bb7e2bf08a26040939d8"},
    {file = "dbus_fast-2.21.3-cp39-cp39-musllinux_1_1_x86_64.whl", hash = "sha256:07213240465c3c7306705ad512c983ada45ef222d2eecf3d7ab19f397b02de0d"},
    {file = "dbus_fast-2.21.3-pp310-pypy310_pp73-manylinux_2_17_i686.manylinux_2_5_i686.manylinux1_i686.manylinux2014_i686.whl", hash = "sha256:8bfea9007a654adc5c16d43d124fded0c788fdb2a6e2c470fcfd7d0076bda87e"},
    {file = "dbus_fast-2.21.3-pp310-pypy310_pp73-manylinux_2_17_x86_64.manylinux_2_5_x86_64.manylinux1_x86_64.manylinux2014_x86_64.whl", hash = "sha256:1d5b202ffd4314c82f68b2431d928d596c45def381c018832003045f19ed857a"},
    {file = "dbus_fast-2.21.3-pp37-pypy37_pp73-manylinux_2_17_i686.manylinux_2_5_i686.manylinux1_i686.manylinux2014_i686.whl", hash = "sha256:19091565dd9b5db9b3fa82459361c459387c01b11a656f36cab6a73284300c8c"},
    {file = "dbus_fast-2.21.3-pp37-pypy37_pp73-manylinux_2_17_x86_64.manylinux_2_5_x86_64.manylinux1_x86_64.manylinux2014_x86_64.whl", hash = "sha256:fa74eb299ec88319a6a46c9b59aeebf9782378d9724913bcb3fb746a3222f70a"},
    {file = "dbus_fast-2.21.3-pp38-pypy38_pp73-manylinux_2_17_i686.manylinux_2_5_i686.manylinux1_i686.manylinux2014_i686.whl", hash = "sha256:2bb2a659f31e1af87a3c4e41af3af69cb5a2bb4a335b35d8d6e80b43e8aed8e9"},
    {file = "dbus_fast-2.21.3-pp38-pypy38_pp73-manylinux_2_17_x86_64.manylinux_2_5_x86_64.manylinux1_x86_64.manylinux2014_x86_64.whl", hash = "sha256:56bf648a329257b127ee05667451e929c50ada7117737d14341a5399ca7860e1"},
    {file = "dbus_fast-2.21.3-pp39-pypy39_pp73-manylinux_2_17_i686.manylinux_2_5_i686.manylinux1_i686.manylinux2014_i686.whl", hash = "sha256:4bb07da46377b7affe648ce34ac42fb3409e87b40b55d64f0fd23512e583ce46"},
    {file = "dbus_fast-2.21.3-pp39-pypy39_pp73-manylinux_2_17_x86_64.manylinux_2_5_x86_64.manylinux1_x86_64.manylinux2014_x86_64.whl", hash = "sha256:b07d22e167b0af834344bd1c8619b702b823d8989d6884fc9719c6e871c413f5"},
    {file = "dbus_fast-2.21.3.tar.gz", hash = "sha256:8d0f0f61d007c1316ce79cde35ed52c0ce8ce229fd0f0bf8c9af2013ab4516a7"},
]

[[package]]
name = "mypy-extensions"
version = "1.0.0"
description = "Type system extensions for programs checked with the mypy type checker."
optional = false
python-versions = ">=3.5"
files = [
    {file = "mypy_extensions-1.0.0-py3-none-any.whl", hash = "sha256:4392f6c0eb8a5668a69e23d168ffa70f0be9ccfd32b5cc2d26a34ae5b844552d"},
    {file = "mypy_extensions-1.0.0.tar.gz", hash = "sha256:75dbf8955dc00442a438fc4d0666508a9a97b6bd41aa2f0ffe9d2f2725af0782"},
]

[[package]]
name = "pathspec"
version = "0.12.1"
description = "Utility library for gitignore style pattern matching of file paths."
optional = false
python-versions = ">=3.8"
files = [
    {file = "pathspec-0.12.1-py3-none-any.whl", hash = "sha256:a0d503e138a4c123b27490a4f7beda6a01c6f288df0e4a8b79c7eb0dc7b4cc08"},
    {file = "pathspec-0.12.1.tar.gz", hash = "sha256:a482d51503a1ab33b1c67a6c3813a26953dbdc71c31dacaef9a838c4e29f5712"},
]

[[package]]
name = "platformdirs"
version = "4.2.2"
description = "A small Python package for determining appropriate platform-specific dirs, e.g. a `user data dir`."
optional = false
python-versions = ">=3.8"
files = [
    {file = "platformdirs-4.2.2-py3-none-any.whl", hash = "sha256:2d7a1657e36a80ea911db832a8a6ece5ee53d8de21edd5cc5879af6530b1bfee"},
    {file = "platformdirs-4.2.2.tar.gz", hash = "sha256:38b7b51f512eed9e84a22788b4bce1de17c0adb134d6becb09836e37d8654cd3"},
]

[package.extras]
docs = ["furo (>=2023.9.10)", "proselint (>=0.13)", "sphinx (>=7.2.6)", "sphinx-autodoc-typehints (>=1.25.2)"]
test = ["appdirs (==1.4.4)", "covdefaults (>=2.3)", "pytest (>=7.4.3)", "pytest-cov (>=4.1)", "pytest-mock (>=3.12)"]
type = ["mypy (>=1.8)"]

[[package]]
name = "pycairo"
version = "1.26.0"
description = "Python interface for cairo"
optional = false
python-versions = ">=3.8"
files = [
    {file = "pycairo-1.26.0-cp310-cp310-win32.whl", hash = "sha256:696ba8024d2827e66e088a6e05a3b0aea30d289476bcb2ca47c9670d40900a50"},
    {file = "pycairo-1.26.0-cp310-cp310-win_amd64.whl", hash = "sha256:b6690a00fb225c19f42d76660e676aba7ae7cb18f3632cb02bce7f0d9b9c3800"},
    {file = "pycairo-1.26.0-cp310-cp310-win_arm64.whl", hash = "sha256:1d54e28170a5e790269d9db4c195cca5152ff018ba7e330d0ed05d86ccc2ea7d"},
    {file = "pycairo-1.26.0-cp311-cp311-win32.whl", hash = "sha256:5986b8da3e7de7ab931d7ad527938df38f75d3a3bdea2b515c786c5ca2c5093c"},
    {file = "pycairo-1.26.0-cp311-cp311-win_amd64.whl", hash = "sha256:d374d9ec6d2f791bf57105d87a9028db1ef2b687848f64a524e447033eae7229"},
    {file = "pycairo-1.26.0-cp311-cp311-win_arm64.whl", hash = "sha256:20a31af89d92ffd5fc60c08e65ff649f16e18621a14a40dbdb049fc74942d7a9"},
    {file = "pycairo-1.26.0-cp312-cp312-win32.whl", hash = "sha256:d63929ab5a2f890a333f2f2f51de9f1c9fe20d1bddc982c2ca577b737448d72f"},
    {file = "pycairo-1.26.0-cp312-cp312-win_amd64.whl", hash = "sha256:8616408ae93de4824a3777ec532ea75643e4bf74e49d601062c0b1788180c962"},
    {file = "pycairo-1.26.0-cp312-cp312-win_arm64.whl", hash = "sha256:a611e4d82ad8470138bb46d465d47e8db826d9d80b6a520ccd83ee007f2073e4"},
    {file = "pycairo-1.26.0-cp38-cp38-win32.whl", hash = "sha256:675578bc6d62d15ff8669f264783efc9c8c73e3a6f564b294a70fb45a2f78667"},
    {file = "pycairo-1.26.0-cp38-cp38-win_amd64.whl", hash = "sha256:aac447b423b33b64119ecdd1ffebf9163b07f5401c5da50c707197efdd1c918a"},
    {file = "pycairo-1.26.0-cp39-cp39-win32.whl", hash = "sha256:9fa51168010e2dfb45499df071fca2d921893f724646f3454951000a7ad0cabb"},
    {file = "pycairo-1.26.0-cp39-cp39-win_amd64.whl", hash = "sha256:3e4e18ea03122e60abe3eb611e2849859cc950083ff85d8369328eadf3df63f5"},
    {file = "pycairo-1.26.0-cp39-cp39-win_arm64.whl", hash = "sha256:a8f3b567ba2ad55624a809823ccf75aff8d768c20216cb5888365f6fc695c1d2"},
    {file = "pycairo-1.26.0.tar.gz", hash = "sha256:2dddd0a874fbddb21e14acd9b955881ee1dc6e63b9c549a192d613a907f9cbeb"},
]

[[package]]
name = "pygobject"
version = "3.48.2"
description = "Python bindings for GObject Introspection"
optional = false
python-versions = "<4,>=3.8"
files = [
    {file = "pygobject-3.48.2.tar.gz", hash = "sha256:c3c0a7afbe5b2c1c64dc0530109b4dd571085153dbedfbccb8ec7c5ad233f977"},
]

[package.dependencies]
pycairo = ">=1.16"

[package.extras]
dev = ["flake8", "pytest", "pytest-cov"]
docs = ["sphinx (>=4.0,<5.0)", "sphinx-rtd-theme (>=0.5,<2.0)"]

[metadata]
lock-version = "2.0"
python-versions = "^3.11"
content-hash = "197893688b31d3ae128f71f099228272dba4c0790667ab5173dd7a7efebbe75f"
